// !$*UTF8*$!
{
	archiveVersion = 1;
	classes = {
	};
	objectVersion = 46;
	objects = {

/* Begin PBXBuildFile section */
		A8DFE0261A03D08C0016F263 /* main.m in Sources */ = {isa = PBXBuildFile; fileRef = A8DFE0251A03D08C0016F263 /* main.m */; };
		A8DFE0291A03D08C0016F263 /* AppDelegate.m in Sources */ = {isa = PBXBuildFile; fileRef = A8DFE0281A03D08C0016F263 /* AppDelegate.m */; };
		A8DFE02C1A03D08C0016F263 /* ViewController.m in Sources */ = {isa = PBXBuildFile; fileRef = A8DFE02B1A03D08C0016F263 /* ViewController.m */; };
		A8DFE02F1A03D08C0016F263 /* Main.storyboard in Resources */ = {isa = PBXBuildFile; fileRef = A8DFE02D1A03D08C0016F263 /* Main.storyboard */; };
		A8DFE0311A03D08C0016F263 /* Images.xcassets in Resources */ = {isa = PBXBuildFile; fileRef = A8DFE0301A03D08C0016F263 /* Images.xcassets */; };
		A8DFE0341A03D08C0016F263 /* LaunchScreen.xib in Resources */ = {isa = PBXBuildFile; fileRef = A8DFE0321A03D08C0016F263 /* LaunchScreen.xib */; };
		A8DFE0401A03D08C0016F263 /* TestTestTests.m in Sources */ = {isa = PBXBuildFile; fileRef = A8DFE03F1A03D08C0016F263 /* TestTestTests.m */; };
/* End PBXBuildFile section */

/* Begin PBXContainerItemProxy section */
		A8DFE03A1A03D08C0016F263 /* PBXContainerItemProxy */ = {
			isa = PBXContainerItemProxy;
			containerPortal = A8DFE0181A03D08C0016F263 /* Project object */;
			proxyType = 1;
			remoteGlobalIDString = A8DFE01F1A03D08C0016F263;
			remoteInfo = TestTest;
		};
/* End PBXContainerItemProxy section */

/* Begin PBXFileReference section */
		A8DFE0201A03D08C0016F263 /* TestTest.app */ = {isa = PBXFileReference; explicitFileType = wrapper.application; includeInIndex = 0; path = TestTest.app; sourceTree = BUILT_PRODUCTS_DIR; };
		A8DFE0241A03D08C0016F263 /* Info.plist */ = {isa = PBXFileReference; lastKnownFileType = text.plist.xml; path = Info.plist; sourceTree = "<group>"; };
		A8DFE0251A03D08C0016F263 /* main.m */ = {isa = PBXFileReference; lastKnownFileType = sourcecode.c.objc; path = main.m; sourceTree = "<group>"; };
		A8DFE0271A03D08C0016F263 /* AppDelegate.h */ = {isa = PBXFileReference; lastKnownFileType = sourcecode.c.h; path = AppDelegate.h; sourceTree = "<group>"; };
		A8DFE0281A03D08C0016F263 /* AppDelegate.m */ = {isa = PBXFileReference; lastKnownFileType = sourcecode.c.objc; path = AppDelegate.m; sourceTree = "<group>"; };
		A8DFE02A1A03D08C0016F263 /* ViewController.h */ = {isa = PBXFileReference; lastKnownFileType = sourcecode.c.h; path = ViewController.h; sourceTree = "<group>"; };
		A8DFE02B1A03D08C0016F263 /* ViewController.m */ = {isa = PBXFileReference; lastKnownFileType = sourcecode.c.objc; path = ViewController.m; sourceTree = "<group>"; };
		A8DFE02E1A03D08C0016F263 /* Base */ = {isa = PBXFileReference; lastKnownFileType = file.storyboard; name = Base; path = Base.lproj/Main.storyboard; sourceTree = "<group>"; };
		A8DFE0301A03D08C0016F263 /* Images.xcassets */ = {isa = PBXFileReference; lastKnownFileType = folder.assetcatalog; path = Images.xcassets; sourceTree = "<group>"; };
		A8DFE0331A03D08C0016F263 /* Base */ = {isa = PBXFileReference; lastKnownFileType = file.xib; name = Base; path = Base.lproj/LaunchScreen.xib; sourceTree = "<group>"; };
		A8DFE0391A03D08C0016F263 /* TestTestTests.xctest */ = {isa = PBXFileReference; explicitFileType = wrapper.cfbundle; includeInIndex = 0; path = TestTestTests.xctest; sourceTree = BUILT_PRODUCTS_DIR; };
		A8DFE03E1A03D08C0016F263 /* Info.plist */ = {isa = PBXFileReference; lastKnownFileType = text.plist.xml; path = Info.plist; sourceTree = "<group>"; };
		A8DFE03F1A03D08C0016F263 /* TestTestTests.m */ = {isa = PBXFileReference; lastKnownFileType = sourcecode.c.objc; path = TestTestTests.m; sourceTree = "<group>"; };
/* End PBXFileReference section */

/* Begin PBXFrameworksBuildPhase section */
		A8DFE01D1A03D08C0016F263 /* Frameworks */ = {
			isa = PBXFrameworksBuildPhase;
			buildActionMask = 2147483647;
			files = (
			);
			runOnlyForDeploymentPostprocessing = 0;
		};
		A8DFE0361A03D08C0016F263 /* Frameworks */ = {
			isa = PBXFrameworksBuildPhase;
			buildActionMask = 2147483647;
			files = (
			);
			runOnlyForDeploymentPostprocessing = 0;
		};
/* End PBXFrameworksBuildPhase section */

/* Begin PBXGroup section */
		A8DFE0171A03D08C0016F263 = {
			isa = PBXGroup;
			children = (
				A8DFE0221A03D08C0016F263 /* TestTest */,
				A8DFE03C1A03D08C0016F263 /* TestTestTests */,
				A8DFE0211A03D08C0016F263 /* Products */,
			);
			sourceTree = "<group>";
		};
		A8DFE0211A03D08C0016F263 /* Products */ = {
			isa = PBXGroup;
			children = (
				A8DFE0201A03D08C0016F263 /* TestTest.app */,
				A8DFE0391A03D08C0016F263 /* TestTestTests.xctest */,
			);
			name = Products;
			sourceTree = "<group>";
		};
		A8DFE0221A03D08C0016F263 /* TestTest */ = {
			isa = PBXGroup;
			children = (
				A8DFE0271A03D08C0016F263 /* AppDelegate.h */,
				A8DFE0281A03D08C0016F263 /* AppDelegate.m */,
				A8DFE02A1A03D08C0016F263 /* ViewController.h */,
				A8DFE02B1A03D08C0016F263 /* ViewController.m */,
				A8DFE02D1A03D08C0016F263 /* Main.storyboard */,
				A8DFE0301A03D08C0016F263 /* Images.xcassets */,
				A8DFE0321A03D08C0016F263 /* LaunchScreen.xib */,
				A8DFE0231A03D08C0016F263 /* Supporting Files */,
			);
			path = TestTest;
			sourceTree = "<group>";
		};
		A8DFE0231A03D08C0016F263 /* Supporting Files */ = {
			isa = PBXGroup;
			children = (
				A8DFE0241A03D08C0016F263 /* Info.plist */,
				A8DFE0251A03D08C0016F263 /* main.m */,
			);
			name = "Supporting Files";
			sourceTree = "<group>";
		};
		A8DFE03C1A03D08C0016F263 /* TestTestTests */ = {
			isa = PBXGroup;
			children = (
				A8DFE03F1A03D08C0016F263 /* TestTestTests.m */,
				A8DFE03D1A03D08C0016F263 /* Supporting Files */,
			);
			path = TestTestTests;
			sourceTree = "<group>";
		};
		A8DFE03D1A03D08C0016F263 /* Supporting Files */ = {
			isa = PBXGroup;
			children = (
				A8DFE03E1A03D08C0016F263 /* Info.plist */,
			);
			name = "Supporting Files";
			sourceTree = "<group>";
		};
/* End PBXGroup section */

/* Begin PBXNativeTarget section */
		A8DFE01F1A03D08C0016F263 /* TestTest */ = {
			isa = PBXNativeTarget;
			buildConfigurationList = A8DFE0431A03D08C0016F263 /* Build configuration list for PBXNativeTarget "TestTest" */;
			buildPhases = (
				A8DFE01C1A03D08C0016F263 /* Sources */,
				A8DFE01D1A03D08C0016F263 /* Frameworks */,
				A8DFE01E1A03D08C0016F263 /* Resources */,
			);
			buildRules = (
			);
			dependencies = (
			);
			name = TestTest;
			productName = TestTest;
			productReference = A8DFE0201A03D08C0016F263 /* TestTest.app */;
			productType = "com.apple.product-type.application";
		};
		A8DFE0381A03D08C0016F263 /* TestTestTests */ = {
			isa = PBXNativeTarget;
			buildConfigurationList = A8DFE0461A03D08C0016F263 /* Build configuration list for PBXNativeTarget "TestTestTests" */;
			buildPhases = (
				A8DFE0351A03D08C0016F263 /* Sources */,
				A8DFE0361A03D08C0016F263 /* Frameworks */,
				A8DFE0371A03D08C0016F263 /* Resources */,
			);
			buildRules = (
			);
			dependencies = (
				A8DFE03B1A03D08C0016F263 /* PBXTargetDependency */,
			);
			name = TestTestTests;
			productName = TestTestTests;
			productReference = A8DFE0391A03D08C0016F263 /* TestTestTests.xctest */;
			productType = "com.apple.product-type.bundle.unit-test";
		};
/* End PBXNativeTarget section */

/* Begin PBXProject section */
		A8DFE0181A03D08C0016F263 /* Project object */ = {
			isa = PBXProject;
			attributes = {
				LastUpgradeCheck = 0610;
				ORGANIZATIONNAME = Alexander;
				TargetAttributes = {
					A8DFE01F1A03D08C0016F263 = {
						CreatedOnToolsVersion = 6.1;
					};
					A8DFE0381A03D08C0016F263 = {
						CreatedOnToolsVersion = 6.1;
						TestTargetID = A8DFE01F1A03D08C0016F263;
					};
				};
			};
			buildConfigurationList = A8DFE01B1A03D08C0016F263 /* Build configuration list for PBXProject "TestTest" */;
			compatibilityVersion = "Xcode 3.2";
			developmentRegion = English;
			hasScannedForEncodings = 0;
			knownRegions = (
				en,
				Base,
			);
			mainGroup = A8DFE0171A03D08C0016F263;
			productRefGroup = A8DFE0211A03D08C0016F263 /* Products */;
			projectDirPath = "";
			projectRoot = "";
			targets = (
				A8DFE01F1A03D08C0016F263 /* TestTest */,
				A8DFE0381A03D08C0016F263 /* TestTestTests */,
			);
		};
/* End PBXProject section */

/* Begin PBXResourcesBuildPhase section */
		A8DFE01E1A03D08C0016F263 /* Resources */ = {
			isa = PBXResourcesBuildPhase;
			buildActionMask = 2147483647;
			files = (
				A8DFE02F1A03D08C0016F263 /* Main.storyboard in Resources */,
				A8DFE0341A03D08C0016F263 /* LaunchScreen.xib in Resources */,
				A8DFE0311A03D08C0016F263 /* Images.xcassets in Resources */,
			);
			runOnlyForDeploymentPostprocessing = 0;
		};
		A8DFE0371A03D08C0016F263 /* Resources */ = {
			isa = PBXResourcesBuildPhase;
			buildActionMask = 2147483647;
			files = (
			);
			runOnlyForDeploymentPostprocessing = 0;
		};
/* End PBXResourcesBuildPhase section */

/* Begin PBXSourcesBuildPhase section */
		A8DFE01C1A03D08C0016F263 /* Sources */ = {
			isa = PBXSourcesBuildPhase;
			buildActionMask = 2147483647;
			files = (
				A8DFE02C1A03D08C0016F263 /* ViewController.m in Sources */,
				A8DFE0291A03D08C0016F263 /* AppDelegate.m in Sources */,
				A8DFE0261A03D08C0016F263 /* main.m in Sources */,
			);
			runOnlyForDeploymentPostprocessing = 0;
		};
		A8DFE0351A03D08C0016F263 /* Sources */ = {
			isa = PBXSourcesBuildPhase;
			buildActionMask = 2147483647;
			files = (
				A8DFE0401A03D08C0016F263 /* TestTestTests.m in Sources */,
			);
			runOnlyForDeploymentPostprocessing = 0;
		};
/* End PBXSourcesBuildPhase section */

/* Begin PBXTargetDependency section */
		A8DFE03B1A03D08C0016F263 /* PBXTargetDependency */ = {
			isa = PBXTargetDependency;
			target = A8DFE01F1A03D08C0016F263 /* TestTest */;
			targetProxy = A8DFE03A1A03D08C0016F263 /* PBXContainerItemProxy */;
		};
/* End PBXTargetDependency section */

/* Begin PBXVariantGroup section */
		A8DFE02D1A03D08C0016F263 /* Main.storyboard */ = {
			isa = PBXVariantGroup;
			children = (
				A8DFE02E1A03D08C0016F263 /* Base */,
			);
			name = Main.storyboard;
			sourceTree = "<group>";
		};
		A8DFE0321A03D08C0016F263 /* LaunchScreen.xib */ = {
			isa = PBXVariantGroup;
			children = (
				A8DFE0331A03D08C0016F263 /* Base */,
			);
			name = LaunchScreen.xib;
			sourceTree = "<group>";
		};
/* End PBXVariantGroup section */

/* Begin XCBuildConfiguration section */
		A8DFE0411A03D08C0016F263 /* Debug */ = {
			isa = XCBuildConfiguration;
			buildSettings = {
				ALWAYS_SEARCH_USER_PATHS = NO;
				CLANG_CXX_LANGUAGE_STANDARD = "gnu++0x";
				CLANG_CXX_LIBRARY = "libc++";
				CLANG_ENABLE_MODULES = YES;
				CLANG_ENABLE_OBJC_ARC = YES;
				CLANG_WARN_BOOL_CONVERSION = YES;
				CLANG_WARN_CONSTANT_CONVERSION = YES;
				CLANG_WARN_DIRECT_OBJC_ISA_USAGE = YES_ERROR;
				CLANG_WARN_EMPTY_BODY = YES;
				CLANG_WARN_ENUM_CONVERSION = YES;
				CLANG_WARN_INT_CONVERSION = YES;
				CLANG_WARN_OBJC_ROOT_CLASS = YES_ERROR;
				CLANG_WARN_UNREACHABLE_CODE = YES;
				CLANG_WARN__DUPLICATE_METHOD_MATCH = YES;
				"CODE_SIGN_IDENTITY[sdk=iphoneos*]" = "iPhone Developer";
				COPY_PHASE_STRIP = NO;
				ENABLE_STRICT_OBJC_MSGSEND = YES;
				GCC_C_LANGUAGE_STANDARD = gnu99;
				GCC_DYNAMIC_NO_PIC = NO;
				GCC_OPTIMIZATION_LEVEL = 0;
				GCC_PREPROCESSOR_DEFINITIONS = (
					"DEBUG=1",
					"$(inherited)",
				);
				GCC_SYMBOLS_PRIVATE_EXTERN = NO;
				GCC_WARN_64_TO_32_BIT_CONVERSION = YES;
				GCC_WARN_ABOUT_RETURN_TYPE = YES_ERROR;
				GCC_WARN_UNDECLARED_SELECTOR = YES;
				GCC_WARN_UNINITIALIZED_AUTOS = YES_AGGRESSIVE;
				GCC_WARN_UNUSED_FUNCTION = YES;
				GCC_WARN_UNUSED_VARIABLE = YES;
				IPHONEOS_DEPLOYMENT_TARGET = 8.1;
				MTL_ENABLE_DEBUG_INFO = YES;
				ONLY_ACTIVE_ARCH = YES;
				SDKROOT = iphoneos;
			};
			name = Debug;
		};
		A8DFE0421A03D08C0016F263 /* Release */ = {
			isa = XCBuildConfiguration;
			buildSettings = {
				ALWAYS_SEARCH_USER_PATHS = NO;
				CLANG_CXX_LANGUAGE_STANDARD = "gnu++0x";
				CLANG_CXX_LIBRARY = "libc++";
				CLANG_ENABLE_MODULES = YES;
				CLANG_ENABLE_OBJC_ARC = YES;
				CLANG_WARN_BOOL_CONVERSION = YES;
				CLANG_WARN_CONSTANT_CONVERSION = YES;
				CLANG_WARN_DIRECT_OBJC_ISA_USAGE = YES_ERROR;
				CLANG_WARN_EMPTY_BODY = YES;
				CLANG_WARN_ENUM_CONVERSION = YES;
				CLANG_WARN_INT_CONVERSION = YES;
				CLANG_WARN_OBJC_ROOT_CLASS = YES_ERROR;
				CLANG_WARN_UNREACHABLE_CODE = YES;
				CLANG_WARN__DUPLICATE_METHOD_MATCH = YES;
				"CODE_SIGN_IDENTITY[sdk=iphoneos*]" = "iPhone Developer";
				COPY_PHASE_STRIP = YES;
				ENABLE_NS_ASSERTIONS = NO;
				ENABLE_STRICT_OBJC_MSGSEND = YES;
				GCC_C_LANGUAGE_STANDARD = gnu99;
				GCC_WARN_64_TO_32_BIT_CONVERSION = YES;
				GCC_WARN_ABOUT_RETURN_TYPE = YES_ERROR;
				GCC_WARN_UNDECLARED_SELECTOR = YES;
				GCC_WARN_UNINITIALIZED_AUTOS = YES_AGGRESSIVE;
				GCC_WARN_UNUSED_FUNCTION = YES;
				GCC_WARN_UNUSED_VARIABLE = YES;
				IPHONEOS_DEPLOYMENT_TARGET = 8.1;
				MTL_ENABLE_DEBUG_INFO = NO;
				SDKROOT = iphoneos;
				VALIDATE_PRODUCT = YES;
			};
			name = Release;
		};
		A8DFE0441A03D08C0016F263 /* Debug */ = {
			isa = XCBuildConfiguration;
			buildSettings = {
				ASSETCATALOG_COMPILER_APPICON_NAME = AppIcon;
				INFOPLIST_FILE = TestTest/Info.plist;
				LD_RUNPATH_SEARCH_PATHS = "$(inherited) @executable_path/Frameworks";
				PRODUCT_NAME = "$(TARGET_NAME)";
			};
			name = Debug;
		};
		A8DFE0451A03D08C0016F263 /* Release */ = {
			isa = XCBuildConfiguration;
			buildSettings = {
				ASSETCATALOG_COMPILER_APPICON_NAME = AppIcon;
				INFOPLIST_FILE = TestTest/Info.plist;
				LD_RUNPATH_SEARCH_PATHS = "$(inherited) @executable_path/Frameworks";
				PRODUCT_NAME = "$(TARGET_NAME)";
			};
			name = Release;
		};
		A8DFE0471A03D08C0016F263 /* Debug */ = {
			isa = XCBuildConfiguration;
			buildSettings = {
				BUNDLE_LOADER = "$(TEST_HOST)";
				FRAMEWORK_SEARCH_PATHS = (
					"$(SDKROOT)/Developer/Library/Frameworks",
					"$(inherited)",
				);
				GCC_PREPROCESSOR_DEFINITIONS = (
					"DEBUG=1",
					"$(inherited)",
				);
				INFOPLIST_FILE = TestTestTests/Info.plist;
				LD_RUNPATH_SEARCH_PATHS = "$(inherited) @executable_path/Frameworks @loader_path/Frameworks";
				PRODUCT_NAME = "$(TARGET_NAME)";
				TEST_HOST = "$(BUILT_PRODUCTS_DIR)/TestTest.app/TestTest";
			};
			name = Debug;
		};
		A8DFE0481A03D08C0016F263 /* Release */ = {
			isa = XCBuildConfiguration;
			buildSettings = {
				BUNDLE_LOADER = "$(TEST_HOST)";
				FRAMEWORK_SEARCH_PATHS = (
					"$(SDKROOT)/Developer/Library/Frameworks",
					"$(inherited)",
				);
				INFOPLIST_FILE = TestTestTests/Info.plist;
				LD_RUNPATH_SEARCH_PATHS = "$(inherited) @executable_path/Frameworks @loader_path/Frameworks";
				PRODUCT_NAME = "$(TARGET_NAME)";
				TEST_HOST = "$(BUILT_PRODUCTS_DIR)/TestTest.app/TestTest";
			};
			name = Release;
		};
/* End XCBuildConfiguration section */

/* Begin XCConfigurationList section */
		A8DFE01B1A03D08C0016F263 /* Build configuration list for PBXProject "TestTest" */ = {
			isa = XCConfigurationList;
			buildConfigurations = (
				A8DFE0411A03D08C0016F263 /* Debug */,
				A8DFE0421A03D08C0016F263 /* Release */,
			);
			defaultConfigurationIsVisible = 0;
			defaultConfigurationName = Release;
		};
		A8DFE0431A03D08C0016F263 /* Build configuration list for PBXNativeTarget "TestTest" */ = {
			isa = XCConfigurationList;
			buildConfigurations = (
				A8DFE0441A03D08C0016F263 /* Debug */,
				A8DFE0451A03D08C0016F263 /* Release */,
			);
			defaultConfigurationIsVisible = 0;
		};
		A8DFE0461A03D08C0016F263 /* Build configuration list for PBXNativeTarget "TestTestTests" */ = {
			isa = XCConfigurationList;
			buildConfigurations = (
				A8DFE0471A03D08C0016F263 /* Debug */,
				A8DFE0481A03D08C0016F263 /* Release */,
			);
			defaultConfigurationIsVisible = 0;
		};
/* End XCConfigurationList section */
	};
	rootObject = A8DFE0181A03D08C0016F263 /* Project object */;
}
